// !$*UTF8*$!
{
	archiveVersion = 1;
	classes = {
	};
	objectVersion = 56;
	objects = {

/* Begin PBXBuildFile section */
		23A7E5D42E8660CA00B37465 /* AppDelegate.swift in Sources */ = {isa = PBXBuildFile; fileRef = 23A7E5D32E8660CA00B37465 /* AppDelegate.swift */; };
		23A7E5D62E8660CA00B37465 /* SceneDelegate.swift in Sources */ = {isa = PBXBuildFile; fileRef = 23A7E5D52E8660CA00B37465 /* SceneDelegate.swift */; };
		23A7E5D82E8660CA00B37465 /* ViewController.swift in Sources */ = {isa = PBXBuildFile; fileRef = 23A7E5D72E8660CA00B37465 /* ViewController.swift */; };
		23A7E5DB2E8660CA00B37465 /* Base in Resources */ = {isa = PBXBuildFile; fileRef = 23A7E5DA2E8660CA00B37465 /* Base */; };
		23A7E5DD2E8660CC00B37465 /* Assets.xcassets in Resources */ = {isa = PBXBuildFile; fileRef = 23A7E5DC2E8660CC00B37465 /* Assets.xcassets */; };
		23A7E5E02E8660CC00B37465 /* Base in Resources */ = {isa = PBXBuildFile; fileRef = 23A7E5DF2E8660CC00B37465 /* Base */; };
		23A7E5EB2E8660CC00B37465 /* Lab3SaloTests.swift in Sources */ = {isa = PBXBuildFile; fileRef = 23A7E5EA2E8660CC00B37465 /* Lab3SaloTests.swift */; };
		23A7E5F52E8660CC00B37465 /* Lab3SaloUITests.swift in Sources */ = {isa = PBXBuildFile; fileRef = 23A7E5F42E8660CC00B37465 /* Lab3SaloUITests.swift */; };
		23A7E5F72E8660CC00B37465 /* Lab3SaloUITestsLaunchTests.swift in Sources */ = {isa = PBXBuildFile; fileRef = 23A7E5F62E8660CC00B37465 /* Lab3SaloUITestsLaunchTests.swift */; };
/* End PBXBuildFile section */

/* Begin PBXContainerItemProxy section */
		23A7E5E72E8660CC00B37465 /* PBXContainerItemProxy */ = {
			isa = PBXContainerItemProxy;
			containerPortal = 23A7E5C82E8660CA00B37465 /* Project object */;
			proxyType = 1;
			remoteGlobalIDString = 23A7E5CF2E8660CA00B37465;
			remoteInfo = Lab3Salo;
		};
		23A7E5F12E8660CC00B37465 /* PBXContainerItemProxy */ = {
			isa = PBXContainerItemProxy;
			containerPortal = 23A7E5C82E8660CA00B37465 /* Project object */;
			proxyType = 1;
			remoteGlobalIDString = 23A7E5CF2E8660CA00B37465;
			remoteInfo = Lab3Salo;
		};
/* End PBXContainerItemProxy section */

/* Begin PBXFileReference section */
		23A7E5D02E8660CA00B37465 /* Lab3Salo.app */ = {isa = PBXFileReference; explicitFileType = wrapper.application; includeInIndex = 0; path = Lab3Salo.app; sourceTree = BUILT_PRODUCTS_DIR; };
		23A7E5D32E8660CA00B37465 /* AppDelegate.swift */ = {isa = PBXFileReference; lastKnownFileType = sourcecode.swift; path = AppDelegate.swift; sourceTree = "<group>"; };
		23A7E5D52E8660CA00B37465 /* SceneDelegate.swift */ = {isa = PBXFileReference; lastKnownFileType = sourcecode.swift; path = SceneDelegate.swift; sourceTree = "<group>"; };
		23A7E5D72E8660CA00B37465 /* ViewController.swift */ = {isa = PBXFileReference; lastKnownFileType = sourcecode.swift; path = ViewController.swift; sourceTree = "<group>"; };
		23A7E5DA2E8660CA00B37465 /* Base */ = {isa = PBXFileReference; lastKnownFileType = file.storyboard; name = Base; path = Base.lproj/Main.storyboard; sourceTree = "<group>"; };
		23A7E5DC2E8660CC00B37465 /* Assets.xcassets */ = {isa = PBXFileReference; lastKnownFileType = folder.assetcatalog; path = Assets.xcassets; sourceTree = "<group>"; };
		23A7E5DF2E8660CC00B37465 /* Base */ = {isa = PBXFileReference; lastKnownFileType = file.storyboard; name = Base; path = Base.lproj/LaunchScreen.storyboard; sourceTree = "<group>"; };
		23A7E5E12E8660CC00B37465 /* Info.plist */ = {isa = PBXFileReference; lastKnownFileType = text.plist.xml; path = Info.plist; sourceTree = "<group>"; };
		23A7E5E62E8660CC00B37465 /* Lab3SaloTests.xctest */ = {isa = PBXFileReference; explicitFileType = wrapper.cfbundle; includeInIndex = 0; path = Lab3SaloTests.xctest; sourceTree = BUILT_PRODUCTS_DIR; };
		23A7E5EA2E8660CC00B37465 /* Lab3SaloTests.swift */ = {isa = PBXFileReference; lastKnownFileType = sourcecode.swift; path = Lab3SaloTests.swift; sourceTree = "<group>"; };
		23A7E5F02E8660CC00B37465 /* Lab3SaloUITests.xctest */ = {isa = PBXFileReference; explicitFileType = wrapper.cfbundle; includeInIndex = 0; path = Lab3SaloUITests.xctest; sourceTree = BUILT_PRODUCTS_DIR; };
		23A7E5F42E8660CC00B37465 /* Lab3SaloUITests.swift */ = {isa = PBXFileReference; lastKnownFileType = sourcecode.swift; path = Lab3SaloUITests.swift; sourceTree = "<group>"; };
		23A7E5F62E8660CC00B37465 /* Lab3SaloUITestsLaunchTests.swift */ = {isa = PBXFileReference; lastKnownFileType = sourcecode.swift; path = Lab3SaloUITestsLaunchTests.swift; sourceTree = "<group>"; };
/* End PBXFileReference section */

/* Begin PBXFrameworksBuildPhase section */
		23A7E5CD2E8660CA00B37465 /* Frameworks */ = {
			isa = PBXFrameworksBuildPhase;
			buildActionMask = 2147483647;
			files = (
			);
			runOnlyForDeploymentPostprocessing = 0;
		};
		23A7E5E32E8660CC00B37465 /* Frameworks */ = {
			isa = PBXFrameworksBuildPhase;
			buildActionMask = 2147483647;
			files = (
			);
			runOnlyForDeploymentPostprocessing = 0;
		};
		23A7E5ED2E8660CC00B37465 /* Frameworks */ = {
			isa = PBXFrameworksBuildPhase;
			buildActionMask = 2147483647;
			files = (
			);
			runOnlyForDeploymentPostprocessing = 0;
		};
/* End PBXFrameworksBuildPhase section */

/* Begin PBXGroup section */
		23A7E5C72E8660CA00B37465 = {
			isa = PBXGroup;
			children = (
				23A7E5D22E8660CA00B37465 /* Lab3Salo */,
				23A7E5E92E8660CC00B37465 /* Lab3SaloTests */,
				23A7E5F32E8660CC00B37465 /* Lab3SaloUITests */,
				23A7E5D12E8660CA00B37465 /* Products */,
			);
			sourceTree = "<group>";
		};
		23A7E5D12E8660CA00B37465 /* Products */ = {
			isa = PBXGroup;
			children = (
				23A7E5D02E8660CA00B37465 /* Lab3Salo.app */,
				23A7E5E62E8660CC00B37465 /* Lab3SaloTests.xctest */,
				23A7E5F02E8660CC00B37465 /* Lab3SaloUITests.xctest */,
			);
			name = Products;
			sourceTree = "<group>";
		};
		23A7E5D22E8660CA00B37465 /* Lab3Salo */ = {
			isa = PBXGroup;
			children = (
				23A7E5D32E8660CA00B37465 /* AppDelegate.swift */,
				23A7E5D52E8660CA00B37465 /* SceneDelegate.swift */,
				23A7E5D72E8660CA00B37465 /* ViewController.swift */,
				23A7E5D92E8660CA00B37465 /* Main.storyboard */,
				23A7E5DC2E8660CC00B37465 /* Assets.xcassets */,
				23A7E5DE2E8660CC00B37465 /* LaunchScreen.storyboard */,
				23A7E5E12E8660CC00B37465 /* Info.plist */,
			);
			path = Lab3Salo;
			sourceTree = "<group>";
		};
		23A7E5E92E8660CC00B37465 /* Lab3SaloTests */ = {
			isa = PBXGroup;
			children = (
				23A7E5EA2E8660CC00B37465 /* Lab3SaloTests.swift */,
			);
			path = Lab3SaloTests;
			sourceTree = "<group>";
		};
		23A7E5F32E8660CC00B37465 /* Lab3SaloUITests */ = {
			isa = PBXGroup;
			children = (
				23A7E5F42E8660CC00B37465 /* Lab3SaloUITests.swift */,
				23A7E5F62E8660CC00B37465 /* Lab3SaloUITestsLaunchTests.swift */,
			);
			path = Lab3SaloUITests;
			sourceTree = "<group>";
		};
/* End PBXGroup section */

/* Begin PBXNativeTarget section */
		23A7E5CF2E8660CA00B37465 /* Lab3Salo */ = {
			isa = PBXNativeTarget;
			buildConfigurationList = 23A7E5FA2E8660CC00B37465 /* Build configuration list for PBXNativeTarget "Lab3Salo" */;
			buildPhases = (
				23A7E5CC2E8660CA00B37465 /* Sources */,
				23A7E5CD2E8660CA00B37465 /* Frameworks */,
				23A7E5CE2E8660CA00B37465 /* Resources */,
			);
			buildRules = (
			);
			dependencies = (
			);
			name = Lab3Salo;
			productName = Lab3Salo;
			productReference = 23A7E5D02E8660CA00B37465 /* Lab3Salo.app */;
			productType = "com.apple.product-type.application";
		};
		23A7E5E52E8660CC00B37465 /* Lab3SaloTests */ = {
			isa = PBXNativeTarget;
			buildConfigurationList = 23A7E5FD2E8660CC00B37465 /* Build configuration list for PBXNativeTarget "Lab3SaloTests" */;
			buildPhases = (
				23A7E5E22E8660CC00B37465 /* Sources */,
				23A7E5E32E8660CC00B37465 /* Frameworks */,
				23A7E5E42E8660CC00B37465 /* Resources */,
			);
			buildRules = (
			);
			dependencies = (
				23A7E5E82E8660CC00B37465 /* PBXTargetDependency */,
			);
			name = Lab3SaloTests;
			productName = Lab3SaloTests;
			productReference = 23A7E5E62E8660CC00B37465 /* Lab3SaloTests.xctest */;
			productType = "com.apple.product-type.bundle.unit-test";
		};
		23A7E5EF2E8660CC00B37465 /* Lab3SaloUITests */ = {
			isa = PBXNativeTarget;
			buildConfigurationList = 23A7E6002E8660CC00B37465 /* Build configuration list for PBXNativeTarget "Lab3SaloUITests" */;
			buildPhases = (
				23A7E5EC2E8660CC00B37465 /* Sources */,
				23A7E5ED2E8660CC00B37465 /* Frameworks */,
				23A7E5EE2E8660CC00B37465 /* Resources */,
			);
			buildRules = (
			);
			dependencies = (
				23A7E5F22E8660CC00B37465 /* PBXTargetDependency */,
			);
			name = Lab3SaloUITests;
			productName = Lab3SaloUITests;
			productReference = 23A7E5F02E8660CC00B37465 /* Lab3SaloUITests.xctest */;
			productType = "com.apple.product-type.bundle.ui-testing";
		};
/* End PBXNativeTarget section */

/* Begin PBXProject section */
		23A7E5C82E8660CA00B37465 /* Project object */ = {
			isa = PBXProject;
			attributes = {
				BuildIndependentTargetsInParallel = 1;
				LastSwiftUpdateCheck = 1540;
				LastUpgradeCheck = 1540;
				TargetAttributes = {
					23A7E5CF2E8660CA00B37465 = {
						CreatedOnToolsVersion = 15.4;
					};
					23A7E5E52E8660CC00B37465 = {
						CreatedOnToolsVersion = 15.4;
						TestTargetID = 23A7E5CF2E8660CA00B37465;
					};
					23A7E5EF2E8660CC00B37465 = {
						CreatedOnToolsVersion = 15.4;
						TestTargetID = 23A7E5CF2E8660CA00B37465;
					};
				};
			};
			buildConfigurationList = 23A7E5CB2E8660CA00B37465 /* Build configuration list for PBXProject "Lab3Salo" */;
			compatibilityVersion = "Xcode 14.0";
			developmentRegion = en;
			hasScannedForEncodings = 0;
			knownRegions = (
				en,
				Base,
			);
			mainGroup = 23A7E5C72E8660CA00B37465;
			productRefGroup = 23A7E5D12E8660CA00B37465 /* Products */;
			projectDirPath = "";
			projectRoot = "";
			targets = (
				23A7E5CF2E8660CA00B37465 /* Lab3Salo */,
				23A7E5E52E8660CC00B37465 /* Lab3SaloTests */,
				23A7E5EF2E8660CC00B37465 /* Lab3SaloUITests */,
			);
		};
/* End PBXProject section */

/* Begin PBXResourcesBuildPhase section */
		23A7E5CE2E8660CA00B37465 /* Resources */ = {
			isa = PBXResourcesBuildPhase;
			buildActionMask = 2147483647;
			files = (
				23A7E5DD2E8660CC00B37465 /* Assets.xcassets in Resources */,
				23A7E5E02E8660CC00B37465 /* Base in Resources */,
				23A7E5DB2E8660CA00B37465 /* Base in Resources */,
			);
			runOnlyForDeploymentPostprocessing = 0;
		};
		23A7E5E42E8660CC00B37465 /* Resources */ = {
			isa = PBXResourcesBuildPhase;
			buildActionMask = 2147483647;
			files = (
			);
			runOnlyForDeploymentPostprocessing = 0;
		};
		23A7E5EE2E8660CC00B37465 /* Resources */ = {
			isa = PBXResourcesBuildPhase;
			buildActionMask = 2147483647;
			files = (
			);
			runOnlyForDeploymentPostprocessing = 0;
		};
/* End PBXResourcesBuildPhase section */

/* Begin PBXSourcesBuildPhase section */
		23A7E5CC2E8660CA00B37465 /* Sources */ = {
			isa = PBXSourcesBuildPhase;
			buildActionMask = 2147483647;
			files = (
				23A7E5D82E8660CA00B37465 /* ViewController.swift in Sources */,
				23A7E5D42E8660CA00B37465 /* AppDelegate.swift in Sources */,
				23A7E5D62E8660CA00B37465 /* SceneDelegate.swift in Sources */,
			);
			runOnlyForDeploymentPostprocessing = 0;
		};
		23A7E5E22E8660CC00B37465 /* Sources */ = {
			isa = PBXSourcesBuildPhase;
			buildActionMask = 2147483647;
			files = (
				23A7E5EB2E8660CC00B37465 /* Lab3SaloTests.swift in Sources */,
			);
			runOnlyForDeploymentPostprocessing = 0;
		};
		23A7E5EC2E8660CC00B37465 /* Sources */ = {
			isa = PBXSourcesBuildPhase;
			buildActionMask = 2147483647;
			files = (
				23A7E5F72E8660CC00B37465 /* Lab3SaloUITestsLaunchTests.swift in Sources */,
				23A7E5F52E8660CC00B37465 /* Lab3SaloUITests.swift in Sources */,
			);
			runOnlyForDeploymentPostprocessing = 0;
		};
/* End PBXSourcesBuildPhase section */

/* Begin PBXTargetDependency section */
		23A7E5E82E8660CC00B37465 /* PBXTargetDependency */ = {
			isa = PBXTargetDependency;
			target = 23A7E5CF2E8660CA00B37465 /* Lab3Salo */;
			targetProxy = 23A7E5E72E8660CC00B37465 /* PBXContainerItemProxy */;
		};
		23A7E5F22E8660CC00B37465 /* PBXTargetDependency */ = {
			isa = PBXTargetDependency;
			target = 23A7E5CF2E8660CA00B37465 /* Lab3Salo */;
			targetProxy = 23A7E5F12E8660CC00B37465 /* PBXContainerItemProxy */;
		};
/* End PBXTargetDependency section */

/* Begin PBXVariantGroup section */
		23A7E5D92E8660CA00B37465 /* Main.storyboard */ = {
			isa = PBXVariantGroup;
			children = (
				23A7E5DA2E8660CA00B37465 /* Base */,
			);
			name = Main.storyboard;
			sourceTree = "<group>";
		};
		23A7E5DE2E8660CC00B37465 /* LaunchScreen.storyboard */ = {
			isa = PBXVariantGroup;
			children = (
				23A7E5DF2E8660CC00B37465 /* Base */,
			);
			name = LaunchScreen.storyboard;
			sourceTree = "<group>";
		};
/* End PBXVariantGroup section */

/* Begin XCBuildConfiguration section */
		23A7E5F82E8660CC00B37465 /* Debug */ = {
			isa = XCBuildConfiguration;
			buildSettings = {
				ALWAYS_SEARCH_USER_PATHS = NO;
				ASSETCATALOG_COMPILER_GENERATE_SWIFT_ASSET_SYMBOL_EXTENSIONS = YES;
				CLANG_ANALYZER_NONNULL = YES;
				CLANG_ANALYZER_NUMBER_OBJECT_CONVERSION = YES_AGGRESSIVE;
				CLANG_CXX_LANGUAGE_STANDARD = "gnu++20";
				CLANG_ENABLE_MODULES = YES;
				CLANG_ENABLE_OBJC_ARC = YES;
				CLANG_ENABLE_OBJC_WEAK = YES;
				CLANG_WARN_BLOCK_CAPTURE_AUTORELEASING = YES;
				CLANG_WARN_BOOL_CONVERSION = YES;
				CLANG_WARN_COMMA = YES;
				CLANG_WARN_CONSTANT_CONVERSION = YES;
				CLANG_WARN_DEPRECATED_OBJC_IMPLEMENTATIONS = YES;
				CLANG_WARN_DIRECT_OBJC_ISA_USAGE = YES_ERROR;
				CLANG_WARN_DOCUMENTATION_COMMENTS = YES;
				CLANG_WARN_EMPTY_BODY = YES;
				CLANG_WARN_ENUM_CONVERSION = YES;
				CLANG_WARN_INFINITE_RECURSION = YES;
				CLANG_WARN_INT_CONVERSION = YES;
				CLANG_WARN_NON_LITERAL_NULL_CONVERSION = YES;
				CLANG_WARN_OBJC_IMPLICIT_RETAIN_SELF = YES;
				CLANG_WARN_OBJC_LITERAL_CONVERSION = YES;
				CLANG_WARN_OBJC_ROOT_CLASS = YES_ERROR;
				CLANG_WARN_QUOTED_INCLUDE_IN_FRAMEWORK_HEADER = YES;
				CLANG_WARN_RANGE_LOOP_ANALYSIS = YES;
				CLANG_WARN_STRICT_PROTOTYPES = YES;
				CLANG_WARN_SUSPICIOUS_MOVE = YES;
				CLANG_WARN_UNGUARDED_AVAILABILITY = YES_AGGRESSIVE;
				CLANG_WARN_UNREACHABLE_CODE = YES;
				CLANG_WARN__DUPLICATE_METHOD_MATCH = YES;
				COPY_PHASE_STRIP = NO;
				DEBUG_INFORMATION_FORMAT = dwarf;
				ENABLE_STRICT_OBJC_MSGSEND = YES;
				ENABLE_TESTABILITY = YES;
				ENABLE_USER_SCRIPT_SANDBOXING = YES;
				GCC_C_LANGUAGE_STANDARD = gnu17;
				GCC_DYNAMIC_NO_PIC = NO;
				GCC_NO_COMMON_BLOCKS = YES;
				GCC_OPTIMIZATION_LEVEL = 0;
				GCC_PREPROCESSOR_DEFINITIONS = (
					"DEBUG=1",
					"$(inherited)",
				);
				GCC_WARN_64_TO_32_BIT_CONVERSION = YES;
				GCC_WARN_ABOUT_RETURN_TYPE = YES_ERROR;
				GCC_WARN_UNDECLARED_SELECTOR = YES;
				GCC_WARN_UNINITIALIZED_AUTOS = YES_AGGRESSIVE;
				GCC_WARN_UNUSED_FUNCTION = YES;
				GCC_WARN_UNUSED_VARIABLE = YES;
				IPHONEOS_DEPLOYMENT_TARGET = 17.5;
				LOCALIZATION_PREFERS_STRING_CATALOGS = YES;
				MTL_ENABLE_DEBUG_INFO = INCLUDE_SOURCE;
				MTL_FAST_MATH = YES;
				ONLY_ACTIVE_ARCH = YES;
				SDKROOT = iphoneos;
				SWIFT_ACTIVE_COMPILATION_CONDITIONS = "DEBUG $(inherited)";
				SWIFT_OPTIMIZATION_LEVEL = "-Onone";
			};
			name = Debug;
		};
		23A7E5F92E8660CC00B37465 /* Release */ = {
			isa = XCBuildConfiguration;
			buildSettings = {
				ALWAYS_SEARCH_USER_PATHS = NO;
				ASSETCATALOG_COMPILER_GENERATE_SWIFT_ASSET_SYMBOL_EXTENSIONS = YES;
				CLANG_ANALYZER_NONNULL = YES;
				CLANG_ANALYZER_NUMBER_OBJECT_CONVERSION = YES_AGGRESSIVE;
				CLANG_CXX_LANGUAGE_STANDARD = "gnu++20";
				CLANG_ENABLE_MODULES = YES;
				CLANG_ENABLE_OBJC_ARC = YES;
				CLANG_ENABLE_OBJC_WEAK = YES;
				CLANG_WARN_BLOCK_CAPTURE_AUTORELEASING = YES;
				CLANG_WARN_BOOL_CONVERSION = YES;
				CLANG_WARN_COMMA = YES;
				CLANG_WARN_CONSTANT_CONVERSION = YES;
				CLANG_WARN_DEPRECATED_OBJC_IMPLEMENTATIONS = YES;
				CLANG_WARN_DIRECT_OBJC_ISA_USAGE = YES_ERROR;
				CLANG_WARN_DOCUMENTATION_COMMENTS = YES;
				CLANG_WARN_EMPTY_BODY = YES;
				CLANG_WARN_ENUM_CONVERSION = YES;
				CLANG_WARN_INFINITE_RECURSION = YES;
				CLANG_WARN_INT_CONVERSION = YES;
				CLANG_WARN_NON_LITERAL_NULL_CONVERSION = YES;
				CLANG_WARN_OBJC_IMPLICIT_RETAIN_SELF = YES;
				CLANG_WARN_OBJC_LITERAL_CONVERSION = YES;
				CLANG_WARN_OBJC_ROOT_CLASS = YES_ERROR;
				CLANG_WARN_QUOTED_INCLUDE_IN_FRAMEWORK_HEADER = YES;
				CLANG_WARN_RANGE_LOOP_ANALYSIS = YES;
				CLANG_WARN_STRICT_PROTOTYPES = YES;
				CLANG_WARN_SUSPICIOUS_MOVE = YES;
				CLANG_WARN_UNGUARDED_AVAILABILITY = YES_AGGRESSIVE;
				CLANG_WARN_UNREACHABLE_CODE = YES;
				CLANG_WARN__DUPLICATE_METHOD_MATCH = YES;
				COPY_PHASE_STRIP = NO;
				DEBUG_INFORMATION_FORMAT = "dwarf-with-dsym";
				ENABLE_NS_ASSERTIONS = NO;
				ENABLE_STRICT_OBJC_MSGSEND = YES;
				ENABLE_USER_SCRIPT_SANDBOXING = YES;
				GCC_C_LANGUAGE_STANDARD = gnu17;
				GCC_NO_COMMON_BLOCKS = YES;
				GCC_WARN_64_TO_32_BIT_CONVERSION = YES;
				GCC_WARN_ABOUT_RETURN_TYPE = YES_ERROR;
				GCC_WARN_UNDECLARED_SELECTOR = YES;
				GCC_WARN_UNINITIALIZED_AUTOS = YES_AGGRESSIVE;
				GCC_WARN_UNUSED_FUNCTION = YES;
				GCC_WARN_UNUSED_VARIABLE = YES;
				IPHONEOS_DEPLOYMENT_TARGET = 17.5;
				LOCALIZATION_PREFERS_STRING_CATALOGS = YES;
				MTL_ENABLE_DEBUG_INFO = NO;
				MTL_FAST_MATH = YES;
				SDKROOT = iphoneos;
				SWIFT_COMPILATION_MODE = wholemodule;
				VALIDATE_PRODUCT = YES;
			};
			name = Release;
		};
		23A7E5FB2E8660CC00B37465 /* Debug */ = {
			isa = XCBuildConfiguration;
			buildSettings = {
				ASSETCATALOG_COMPILER_APPICON_NAME = AppIcon;
				ASSETCATALOG_COMPILER_GLOBAL_ACCENT_COLOR_NAME = AccentColor;
				CODE_SIGN_STYLE = Automatic;
				CURRENT_PROJECT_VERSION = 1;
				GENERATE_INFOPLIST_FILE = YES;
				INFOPLIST_FILE = Lab3Salo/Info.plist;
				INFOPLIST_KEY_UIApplicationSupportsIndirectInputEvents = YES;
				INFOPLIST_KEY_UILaunchStoryboardName = LaunchScreen;
				INFOPLIST_KEY_UIMainStoryboardFile = Main;
				INFOPLIST_KEY_UISupportedInterfaceOrientations_iPad = "UIInterfaceOrientationPortrait UIInterfaceOrientationPortraitUpsideDown UIInterfaceOrientationLandscapeLeft UIInterfaceOrientationLandscapeRight";
				INFOPLIST_KEY_UISupportedInterfaceOrientations_iPhone = "UIInterfaceOrientationPortrait UIInterfaceOrientationLandscapeLeft UIInterfaceOrientationLandscapeRight";
				LD_RUNPATH_SEARCH_PATHS = (
					"$(inherited)",
					"@executable_path/Frameworks",
				);
				MARKETING_VERSION = 1.0;
				PRODUCT_BUNDLE_IDENTIFIER = P.DIDDY.Lab3Salo;
				PRODUCT_NAME = "$(TARGET_NAME)";
				SWIFT_EMIT_LOC_STRINGS = YES;
				SWIFT_VERSION = 5.0;
				TARGETED_DEVICE_FAMILY = "1,2";
			};
			name = Debug;
		};
		23A7E5FC2E8660CC00B37465 /* Release */ = {
			isa = XCBuildConfiguration;
			buildSettings = {
				ASSETCATALOG_COMPILER_APPICON_NAME = AppIcon;
				ASSETCATALOG_COMPILER_GLOBAL_ACCENT_COLOR_NAME = AccentColor;
				CODE_SIGN_STYLE = Automatic;
				CURRENT_PROJECT_VERSION = 1;
				GENERATE_INFOPLIST_FILE = YES;
				INFOPLIST_FILE = Lab3Salo/Info.plist;
				INFOPLIST_KEY_UIApplicationSupportsIndirectInputEvents = YES;
				INFOPLIST_KEY_UILaunchStoryboardName = LaunchScreen;
				INFOPLIST_KEY_UIMainStoryboardFile = Main;
				INFOPLIST_KEY_UISupportedInterfaceOrientations_iPad = "UIInterfaceOrientationPortrait UIInterfaceOrientationPortraitUpsideDown UIInterfaceOrientationLandscapeLeft UIInterfaceOrientationLandscapeRight";
				INFOPLIST_KEY_UISupportedInterfaceOrientations_iPhone = "UIInterfaceOrientationPortrait UIInterfaceOrientationLandscapeLeft UIInterfaceOrientationLandscapeRight";
				LD_RUNPATH_SEARCH_PATHS = (
					"$(inherited)",
					"@executable_path/Frameworks",
				);
				MARKETING_VERSION = 1.0;
				PRODUCT_BUNDLE_IDENTIFIER = P.DIDDY.Lab3Salo;
				PRODUCT_NAME = "$(TARGET_NAME)";
				SWIFT_EMIT_LOC_STRINGS = YES;
				SWIFT_VERSION = 5.0;
				TARGETED_DEVICE_FAMILY = "1,2";
			};
			name = Release;
		};
		23A7E5FE2E8660CC00B37465 /* Debug */ = {
			isa = XCBuildConfiguration;
			buildSettings = {
				ALWAYS_EMBED_SWIFT_STANDARD_LIBRARIES = YES;
				BUNDLE_LOADER = "$(TEST_HOST)";
				CODE_SIGN_STYLE = Automatic;
				CURRENT_PROJECT_VERSION = 1;
				GENERATE_INFOPLIST_FILE = YES;
				IPHONEOS_DEPLOYMENT_TARGET = 17.5;
				MARKETING_VERSION = 1.0;
				PRODUCT_BUNDLE_IDENTIFIER = P.DIDDY.Lab3SaloTests;
				PRODUCT_NAME = "$(TARGET_NAME)";
				SWIFT_EMIT_LOC_STRINGS = NO;
				SWIFT_VERSION = 5.0;
				TARGETED_DEVICE_FAMILY = "1,2";
				TEST_HOST = "$(BUILT_PRODUCTS_DIR)/Lab3Salo.app/$(BUNDLE_EXECUTABLE_FOLDER_PATH)/Lab3Salo";
			};
			name = Debug;
		};
		23A7E5FF2E8660CC00B37465 /* Release */ = {
			isa = XCBuildConfiguration;
			buildSettings = {
				ALWAYS_EMBED_SWIFT_STANDARD_LIBRARIES = YES;
				BUNDLE_LOADER = "$(TEST_HOST)";
				CODE_SIGN_STYLE = Automatic;
				CURRENT_PROJECT_VERSION = 1;
				GENERATE_INFOPLIST_FILE = YES;
				IPHONEOS_DEPLOYMENT_TARGET = 17.5;
				MARKETING_VERSION = 1.0;
				PRODUCT_BUNDLE_IDENTIFIER = P.DIDDY.Lab3SaloTests;
				PRODUCT_NAME = "$(TARGET_NAME)";
				SWIFT_EMIT_LOC_STRINGS = NO;
				SWIFT_VERSION = 5.0;
				TARGETED_DEVICE_FAMILY = "1,2";
				TEST_HOST = "$(BUILT_PRODUCTS_DIR)/Lab3Salo.app/$(BUNDLE_EXECUTABLE_FOLDER_PATH)/Lab3Salo";
			};
			name = Release;
		};
		23A7E6012E8660CC00B37465 /* Debug */ = {
			isa = XCBuildConfiguration;
			buildSettings = {
				ALWAYS_EMBED_SWIFT_STANDARD_LIBRARIES = YES;
				CODE_SIGN_STYLE = Automatic;
				CURRENT_PROJECT_VERSION = 1;
				GENERATE_INFOPLIST_FILE = YES;
				MARKETING_VERSION = 1.0;
				PRODUCT_BUNDLE_IDENTIFIER = P.DIDDY.Lab3SaloUITests;
				PRODUCT_NAME = "$(TARGET_NAME)";
				SWIFT_EMIT_LOC_STRINGS = NO;
				SWIFT_VERSION = 5.0;
				TARGETED_DEVICE_FAMILY = "1,2";
				TEST_TARGET_NAME = Lab3Salo;
			};
			name = Debug;
		};
		23A7E6022E8660CC00B37465 /* Release */ = {
			isa = XCBuildConfiguration;
			buildSettings = {
				ALWAYS_EMBED_SWIFT_STANDARD_LIBRARIES = YES;
				CODE_SIGN_STYLE = Automatic;
				CURRENT_PROJECT_VERSION = 1;
				GENERATE_INFOPLIST_FILE = YES;
				MARKETING_VERSION = 1.0;
				PRODUCT_BUNDLE_IDENTIFIER = P.DIDDY.Lab3SaloUITests;
				PRODUCT_NAME = "$(TARGET_NAME)";
				SWIFT_EMIT_LOC_STRINGS = NO;
				SWIFT_VERSION = 5.0;
				TARGETED_DEVICE_FAMILY = "1,2";
				TEST_TARGET_NAME = Lab3Salo;
			};
			name = Release;
		};
/* End XCBuildConfiguration section */

/* Begin XCConfigurationList section */
		23A7E5CB2E8660CA00B37465 /* Build configuration list for PBXProject "Lab3Salo" */ = {
			isa = XCConfigurationList;
			buildConfigurations = (
				23A7E5F82E8660CC00B37465 /* Debug */,
				23A7E5F92E8660CC00B37465 /* Release */,
			);
			defaultConfigurationIsVisible = 0;
			defaultConfigurationName = Release;
		};
		23A7E5FA2E8660CC00B37465 /* Build configuration list for PBXNativeTarget "Lab3Salo" */ = {
			isa = XCConfigurationList;
			buildConfigurations = (
				23A7E5FB2E8660CC00B37465 /* Debug */,
				23A7E5FC2E8660CC00B37465 /* Release */,
			);
			defaultConfigurationIsVisible = 0;
			defaultConfigurationName = Release;
		};
		23A7E5FD2E8660CC00B37465 /* Build configuration list for PBXNativeTarget "Lab3SaloTests" */ = {
			isa = XCConfigurationList;
			buildConfigurations = (
				23A7E5FE2E8660CC00B37465 /* Debug */,
				23A7E5FF2E8660CC00B37465 /* Release */,
			);
			defaultConfigurationIsVisible = 0;
			defaultConfigurationName = Release;
		};
		23A7E6002E8660CC00B37465 /* Build configuration list for PBXNativeTarget "Lab3SaloUITests" */ = {
			isa = XCConfigurationList;
			buildConfigurations = (
				23A7E6012E8660CC00B37465 /* Debug */,
				23A7E6022E8660CC00B37465 /* Release */,
			);
			defaultConfigurationIsVisible = 0;
			defaultConfigurationName = Release;
		};
/* End XCConfigurationList section */
	};
	rootObject = 23A7E5C82E8660CA00B37465 /* Project object */;
}
